// !$*UTF8*$!
{
	archiveVersion = 1;
	classes = {
	};
	objectVersion = 51;
	objects = {

/* Begin PBXBuildFile section */
		3F281CFC23584B3C00D365E8 /* UserService.swift in Sources */ = {isa = PBXBuildFile; fileRef = 3F281CFB23584B3C00D365E8 /* UserService.swift */; };
		3F281CFE23584B5100D365E8 /* UserModel.swift in Sources */ = {isa = PBXBuildFile; fileRef = 3F281CFD23584B5100D365E8 /* UserModel.swift */; };
		3F281D0023585AC900D365E8 /* ActiveManager.swift in Sources */ = {isa = PBXBuildFile; fileRef = 3F281CFF23585AC900D365E8 /* ActiveManager.swift */; };
		3FB5FAAD2357017500D6FE7D /* Home.swift in Sources */ = {isa = PBXBuildFile; fileRef = 3FB5FAAB2357017500D6FE7D /* Home.swift */; };
		3FB5FAAE2357017500D6FE7D /* Home.xib in Resources */ = {isa = PBXBuildFile; fileRef = 3FB5FAAC2357017500D6FE7D /* Home.xib */; };
		3FB5FAB1235707C600D6FE7D /* Menu.swift in Sources */ = {isa = PBXBuildFile; fileRef = 3FB5FAAF235707C600D6FE7D /* Menu.swift */; };
		3FB5FAB2235707C600D6FE7D /* Menu.xib in Resources */ = {isa = PBXBuildFile; fileRef = 3FB5FAB0235707C600D6FE7D /* Menu.xib */; };
		3FB5FAB423572E0100D6FE7D /* MenuManager.swift in Sources */ = {isa = PBXBuildFile; fileRef = 3FB5FAB323572E0100D6FE7D /* MenuManager.swift */; };
		3FB5FAB72357400E00D6FE7D /* Events.swift in Sources */ = {isa = PBXBuildFile; fileRef = 3FB5FAB52357400E00D6FE7D /* Events.swift */; };
		3FB5FAB82357400E00D6FE7D /* Events.xib in Resources */ = {isa = PBXBuildFile; fileRef = 3FB5FAB62357400E00D6FE7D /* Events.xib */; };
		3FB5FABA23574E5900D6FE7D /* EventModel.swift in Sources */ = {isa = PBXBuildFile; fileRef = 3FB5FAB923574E5900D6FE7D /* EventModel.swift */; };
		3FB5FABE2357520A00D6FE7D /* ColorManager.swift in Sources */ = {isa = PBXBuildFile; fileRef = 3FB5FABD2357520A00D6FE7D /* ColorManager.swift */; };
		3FBDA2CD2356E69C00D16992 /* AppDelegate.swift in Sources */ = {isa = PBXBuildFile; fileRef = 3FBDA2CC2356E69C00D16992 /* AppDelegate.swift */; };
		3FBDA2CF2356E69C00D16992 /* ViewController.swift in Sources */ = {isa = PBXBuildFile; fileRef = 3FBDA2CE2356E69C00D16992 /* ViewController.swift */; };
		3FBDA2D42356E69D00D16992 /* Assets.xcassets in Resources */ = {isa = PBXBuildFile; fileRef = 3FBDA2D32356E69D00D16992 /* Assets.xcassets */; };
		3FBDA2D72356E69D00D16992 /* LaunchScreen.storyboard in Resources */ = {isa = PBXBuildFile; fileRef = 3FBDA2D52356E69D00D16992 /* LaunchScreen.storyboard */; };
		3FBE0D552357783200F4EA82 /* RequestService.swift in Sources */ = {isa = PBXBuildFile; fileRef = 3FBE0D542357783200F4EA82 /* RequestService.swift */; };
		3FBE0D592357787900F4EA82 /* EventService.swift in Sources */ = {isa = PBXBuildFile; fileRef = 3FBE0D582357787900F4EA82 /* EventService.swift */; };
		3FBE0D5C235786EE00F4EA82 /* Loading.swift in Sources */ = {isa = PBXBuildFile; fileRef = 3FBE0D5A235786EE00F4EA82 /* Loading.swift */; };
		3FBE0D5D235786EE00F4EA82 /* Loading.xib in Resources */ = {isa = PBXBuildFile; fileRef = 3FBE0D5B235786EE00F4EA82 /* Loading.xib */; };
		8F85080323572478005D074F /* Login.swift in Sources */ = {isa = PBXBuildFile; fileRef = 8F85080123572478005D074F /* Login.swift */; };
		8F85080423572478005D074F /* Login.xib in Resources */ = {isa = PBXBuildFile; fileRef = 8F85080223572478005D074F /* Login.xib */; };
		8F850807235756EB005D074F /* SignUp.swift in Sources */ = {isa = PBXBuildFile; fileRef = 8F850805235756EB005D074F /* SignUp.swift */; };
		8F850808235756EB005D074F /* SignUp.xib in Resources */ = {isa = PBXBuildFile; fileRef = 8F850806235756EB005D074F /* SignUp.xib */; };
		8FE50E4823575FA300E8A049 /* GameInfo.swift in Sources */ = {isa = PBXBuildFile; fileRef = 8FE50E4623575FA300E8A049 /* GameInfo.swift */; };
		8FE50E4923575FA300E8A049 /* GameInfo.xib in Resources */ = {isa = PBXBuildFile; fileRef = 8FE50E4723575FA300E8A049 /* GameInfo.xib */; };
		8FE50E4C23575FBC00E8A049 /* GameLevel.swift in Sources */ = {isa = PBXBuildFile; fileRef = 8FE50E4A23575FBC00E8A049 /* GameLevel.swift */; };
		8FE50E4D23575FBC00E8A049 /* GameLevel.xib in Resources */ = {isa = PBXBuildFile; fileRef = 8FE50E4B23575FBC00E8A049 /* GameLevel.xib */; };
		94DA3D2806B323E8DB1E949A /* Pods_watch_my_level.framework in Frameworks */ = {isa = PBXBuildFile; fileRef = 342EEF589EFA8814513C433F /* Pods_watch_my_level.framework */; };
/* End PBXBuildFile section */

/* Begin PBXFileReference section */
		1886DBC233256F6FC4B67F7C /* Pods-watch-my-level.release.xcconfig */ = {isa = PBXFileReference; includeInIndex = 1; lastKnownFileType = text.xcconfig; name = "Pods-watch-my-level.release.xcconfig"; path = "Target Support Files/Pods-watch-my-level/Pods-watch-my-level.release.xcconfig"; sourceTree = "<group>"; };
		342EEF589EFA8814513C433F /* Pods_watch_my_level.framework */ = {isa = PBXFileReference; explicitFileType = wrapper.framework; includeInIndex = 0; path = Pods_watch_my_level.framework; sourceTree = BUILT_PRODUCTS_DIR; };
		3F281CFB23584B3C00D365E8 /* UserService.swift */ = {isa = PBXFileReference; lastKnownFileType = sourcecode.swift; path = UserService.swift; sourceTree = "<group>"; };
		3F281CFD23584B5100D365E8 /* UserModel.swift */ = {isa = PBXFileReference; lastKnownFileType = sourcecode.swift; path = UserModel.swift; sourceTree = "<group>"; };
		3F281CFF23585AC900D365E8 /* ActiveManager.swift */ = {isa = PBXFileReference; lastKnownFileType = sourcecode.swift; path = ActiveManager.swift; sourceTree = "<group>"; };
		3F91C0502357715100F137FC /* EventService.swift */ = {isa = PBXFileReference; lastKnownFileType = sourcecode.swift; path = EventService.swift; sourceTree = "<group>"; };
		3F91C0522357716B00F137FC /* RequestService.swift */ = {isa = PBXFileReference; lastKnownFileType = sourcecode.swift; path = RequestService.swift; sourceTree = "<group>"; };
		3FB5FAAB2357017500D6FE7D /* Home.swift */ = {isa = PBXFileReference; lastKnownFileType = sourcecode.swift; path = Home.swift; sourceTree = "<group>"; };
		3FB5FAAC2357017500D6FE7D /* Home.xib */ = {isa = PBXFileReference; lastKnownFileType = file.xib; path = Home.xib; sourceTree = "<group>"; };
		3FB5FAAF235707C600D6FE7D /* Menu.swift */ = {isa = PBXFileReference; lastKnownFileType = sourcecode.swift; path = Menu.swift; sourceTree = "<group>"; };
		3FB5FAB0235707C600D6FE7D /* Menu.xib */ = {isa = PBXFileReference; lastKnownFileType = file.xib; path = Menu.xib; sourceTree = "<group>"; };
		3FB5FAB323572E0100D6FE7D /* MenuManager.swift */ = {isa = PBXFileReference; lastKnownFileType = sourcecode.swift; path = MenuManager.swift; sourceTree = "<group>"; };
		3FB5FAB52357400E00D6FE7D /* Events.swift */ = {isa = PBXFileReference; lastKnownFileType = sourcecode.swift; path = Events.swift; sourceTree = "<group>"; };
		3FB5FAB62357400E00D6FE7D /* Events.xib */ = {isa = PBXFileReference; lastKnownFileType = file.xib; path = Events.xib; sourceTree = "<group>"; };
		3FB5FAB923574E5900D6FE7D /* EventModel.swift */ = {isa = PBXFileReference; lastKnownFileType = sourcecode.swift; path = EventModel.swift; sourceTree = "<group>"; };
		3FB5FABD2357520A00D6FE7D /* ColorManager.swift */ = {isa = PBXFileReference; lastKnownFileType = sourcecode.swift; path = ColorManager.swift; sourceTree = "<group>"; };
		3FBDA2C92356E69C00D16992 /* watch-my-level.app */ = {isa = PBXFileReference; explicitFileType = wrapper.application; includeInIndex = 0; path = "watch-my-level.app"; sourceTree = BUILT_PRODUCTS_DIR; };
		3FBDA2CC2356E69C00D16992 /* AppDelegate.swift */ = {isa = PBXFileReference; lastKnownFileType = sourcecode.swift; path = AppDelegate.swift; sourceTree = "<group>"; };
		3FBDA2CE2356E69C00D16992 /* ViewController.swift */ = {isa = PBXFileReference; lastKnownFileType = sourcecode.swift; path = ViewController.swift; sourceTree = "<group>"; };
		3FBDA2D32356E69D00D16992 /* Assets.xcassets */ = {isa = PBXFileReference; lastKnownFileType = folder.assetcatalog; path = Assets.xcassets; sourceTree = "<group>"; };
		3FBDA2D62356E69D00D16992 /* Base */ = {isa = PBXFileReference; lastKnownFileType = file.storyboard; name = Base; path = Base.lproj/LaunchScreen.storyboard; sourceTree = "<group>"; };
		3FBDA2D82356E69D00D16992 /* Info.plist */ = {isa = PBXFileReference; lastKnownFileType = text.plist.xml; path = Info.plist; sourceTree = "<group>"; };
		3FBE0D542357783200F4EA82 /* RequestService.swift */ = {isa = PBXFileReference; lastKnownFileType = sourcecode.swift; path = RequestService.swift; sourceTree = "<group>"; };
		3FBE0D582357787900F4EA82 /* EventService.swift */ = {isa = PBXFileReference; lastKnownFileType = sourcecode.swift; path = EventService.swift; sourceTree = "<group>"; };
		3FBE0D5A235786EE00F4EA82 /* Loading.swift */ = {isa = PBXFileReference; lastKnownFileType = sourcecode.swift; path = Loading.swift; sourceTree = "<group>"; };
		3FBE0D5B235786EE00F4EA82 /* Loading.xib */ = {isa = PBXFileReference; lastKnownFileType = file.xib; path = Loading.xib; sourceTree = "<group>"; };
		8F85080123572478005D074F /* Login.swift */ = {isa = PBXFileReference; lastKnownFileType = sourcecode.swift; path = Login.swift; sourceTree = "<group>"; };
		8F85080223572478005D074F /* Login.xib */ = {isa = PBXFileReference; lastKnownFileType = file.xib; path = Login.xib; sourceTree = "<group>"; };
		8F850805235756EB005D074F /* SignUp.swift */ = {isa = PBXFileReference; lastKnownFileType = sourcecode.swift; path = SignUp.swift; sourceTree = "<group>"; };
		8F850806235756EB005D074F /* SignUp.xib */ = {isa = PBXFileReference; lastKnownFileType = file.xib; path = SignUp.xib; sourceTree = "<group>"; };
		8FE50E4623575FA300E8A049 /* GameInfo.swift */ = {isa = PBXFileReference; lastKnownFileType = sourcecode.swift; path = GameInfo.swift; sourceTree = "<group>"; };
		8FE50E4723575FA300E8A049 /* GameInfo.xib */ = {isa = PBXFileReference; lastKnownFileType = file.xib; path = GameInfo.xib; sourceTree = "<group>"; };
		8FE50E4A23575FBC00E8A049 /* GameLevel.swift */ = {isa = PBXFileReference; lastKnownFileType = sourcecode.swift; path = GameLevel.swift; sourceTree = "<group>"; };
		8FE50E4B23575FBC00E8A049 /* GameLevel.xib */ = {isa = PBXFileReference; lastKnownFileType = file.xib; path = GameLevel.xib; sourceTree = "<group>"; };
		BDCB36DB418D37254296ED49 /* Pods-watch-my-level.debug.xcconfig */ = {isa = PBXFileReference; includeInIndex = 1; lastKnownFileType = text.xcconfig; name = "Pods-watch-my-level.debug.xcconfig"; path = "Target Support Files/Pods-watch-my-level/Pods-watch-my-level.debug.xcconfig"; sourceTree = "<group>"; };
/* End PBXFileReference section */

/* Begin PBXFrameworksBuildPhase section */
		3FBDA2C62356E69C00D16992 /* Frameworks */ = {
			isa = PBXFrameworksBuildPhase;
			buildActionMask = 2147483647;
			files = (
				94DA3D2806B323E8DB1E949A /* Pods_watch_my_level.framework in Frameworks */,
			);
			runOnlyForDeploymentPostprocessing = 0;
		};
/* End PBXFrameworksBuildPhase section */

/* Begin PBXGroup section */
		121D8BE04C7D4EA1B891757D /* Frameworks */ = {
			isa = PBXGroup;
			children = (
				342EEF589EFA8814513C433F /* Pods_watch_my_level.framework */,
			);
			name = Frameworks;
			sourceTree = "<group>";
		};
		3FB5FAA42356E92200D6FE7D /* src */ = {
			isa = PBXGroup;
			children = (
				3FBE0D532357782600F4EA82 /* Service */,
				3FB5FAAA2356E9D400D6FE7D /* Controller */,
				3FB5FAA92356E99F00D6FE7D /* Model */,
				3FB5FAA82356E97700D6FE7D /* Manager */,
			);
			path = src;
			sourceTree = "<group>";
		};
		3FB5FAA52356E92A00D6FE7D /* templates */ = {
			isa = PBXGroup;
			children = (
				3FB5FAB0235707C600D6FE7D /* Menu.xib */,
				3FBE0D5B235786EE00F4EA82 /* Loading.xib */,
				3FB5FAAC2357017500D6FE7D /* Home.xib */,
				3FB5FAB62357400E00D6FE7D /* Events.xib */,
				8F85080223572478005D074F /* Login.xib */,
				8F850806235756EB005D074F /* SignUp.xib */,
				8FE50E4723575FA300E8A049 /* GameInfo.xib */,
				8FE50E4B23575FBC00E8A049 /* GameLevel.xib */,
			);
			path = templates;
			sourceTree = "<group>";
		};
		3FB5FAA82356E97700D6FE7D /* Manager */ = {
			isa = PBXGroup;
			children = (
				3FB5FAB323572E0100D6FE7D /* MenuManager.swift */,
				3FB5FABD2357520A00D6FE7D /* ColorManager.swift */,
				3F281CFF23585AC900D365E8 /* ActiveManager.swift */,
			);
			path = Manager;
			sourceTree = "<group>";
		};
		3FB5FAA92356E99F00D6FE7D /* Model */ = {
			isa = PBXGroup;
			children = (
				3FB5FAB923574E5900D6FE7D /* EventModel.swift */,
				3F281CFD23584B5100D365E8 /* UserModel.swift */,
			);
			path = Model;
			sourceTree = "<group>";
		};
		3FB5FAAA2356E9D400D6FE7D /* Controller */ = {
			isa = PBXGroup;
			children = (
				3FB5FAB52357400E00D6FE7D /* Events.swift */,
				8FE50E4A23575FBC00E8A049 /* GameLevel.swift */,
				8FE50E4623575FA300E8A049 /* GameInfo.swift */,
				8F850805235756EB005D074F /* SignUp.swift */,
				8F85080123572478005D074F /* Login.swift */,
				3FB5FAAB2357017500D6FE7D /* Home.swift */,
				3FB5FAAF235707C600D6FE7D /* Menu.swift */,
				3FBE0D5A235786EE00F4EA82 /* Loading.swift */,
			);
			path = Controller;
			sourceTree = "<group>";
		};
		3FB7DD49235795FB00379779 /* Recovered References */ = {
			isa = PBXGroup;
			children = (
				3F91C0522357716B00F137FC /* RequestService.swift */,
				3F91C0502357715100F137FC /* EventService.swift */,
			);
			name = "Recovered References";
			sourceTree = "<group>";
		};
		3FBDA2C02356E69C00D16992 = {
			isa = PBXGroup;
			children = (
				3FBDA2CB2356E69C00D16992 /* watch-my-level */,
				3FBDA2CA2356E69C00D16992 /* Products */,
				725738B00929CB4F5F36CE56 /* Pods */,
				121D8BE04C7D4EA1B891757D /* Frameworks */,
				3FB7DD49235795FB00379779 /* Recovered References */,
			);
			sourceTree = "<group>";
		};
		3FBDA2CA2356E69C00D16992 /* Products */ = {
			isa = PBXGroup;
			children = (
				3FBDA2C92356E69C00D16992 /* watch-my-level.app */,
			);
			name = Products;
			sourceTree = "<group>";
		};
		3FBDA2CB2356E69C00D16992 /* watch-my-level */ = {
			isa = PBXGroup;
			children = (
				3FB5FAA52356E92A00D6FE7D /* templates */,
				3FB5FAA42356E92200D6FE7D /* src */,
				3FBDA2CC2356E69C00D16992 /* AppDelegate.swift */,
				3FBDA2CE2356E69C00D16992 /* ViewController.swift */,
				3FBDA2D32356E69D00D16992 /* Assets.xcassets */,
				3FBDA2D52356E69D00D16992 /* LaunchScreen.storyboard */,
				3FBDA2D82356E69D00D16992 /* Info.plist */,
			);
			path = "watch-my-level";
			sourceTree = "<group>";
		};
		3FBE0D532357782600F4EA82 /* Service */ = {
			isa = PBXGroup;
			children = (
				3FBE0D542357783200F4EA82 /* RequestService.swift */,
				3FBE0D582357787900F4EA82 /* EventService.swift */,
				3F281CFB23584B3C00D365E8 /* UserService.swift */,
			);
			path = Service;
			sourceTree = "<group>";
		};
		725738B00929CB4F5F36CE56 /* Pods */ = {
			isa = PBXGroup;
			children = (
				BDCB36DB418D37254296ED49 /* Pods-watch-my-level.debug.xcconfig */,
				1886DBC233256F6FC4B67F7C /* Pods-watch-my-level.release.xcconfig */,
			);
			path = Pods;
			sourceTree = "<group>";
		};
/* End PBXGroup section */

/* Begin PBXNativeTarget section */
		3FBDA2C82356E69C00D16992 /* watch-my-level */ = {
			isa = PBXNativeTarget;
			buildConfigurationList = 3FBDA2DB2356E69D00D16992 /* Build configuration list for PBXNativeTarget "watch-my-level" */;
			buildPhases = (
				3C9BBB77A1F835AE103C2DD5 /* [CP] Check Pods Manifest.lock */,
				3FBDA2C52356E69C00D16992 /* Sources */,
				3FBDA2C62356E69C00D16992 /* Frameworks */,
				3FBDA2C72356E69C00D16992 /* Resources */,
				E3E25473E64131D99D2A34AB /* [CP] Embed Pods Frameworks */,
			);
			buildRules = (
			);
			dependencies = (
			);
			name = "watch-my-level";
			productName = "watch-my-level";
			productReference = 3FBDA2C92356E69C00D16992 /* watch-my-level.app */;
			productType = "com.apple.product-type.application";
		};
/* End PBXNativeTarget section */

/* Begin PBXProject section */
		3FBDA2C12356E69C00D16992 /* Project object */ = {
			isa = PBXProject;
			attributes = {
				LastSwiftUpdateCheck = 1020;
				LastUpgradeCheck = 1020;
				ORGANIZATIONNAME = wml;
				TargetAttributes = {
					3FBDA2C82356E69C00D16992 = {
						CreatedOnToolsVersion = 10.2.1;
					};
				};
			};
			buildConfigurationList = 3FBDA2C42356E69C00D16992 /* Build configuration list for PBXProject "watch-my-level" */;
			compatibilityVersion = "Xcode 9.3";
			developmentRegion = en;
			hasScannedForEncodings = 0;
			knownRegions = (
				en,
				Base,
			);
			mainGroup = 3FBDA2C02356E69C00D16992;
			productRefGroup = 3FBDA2CA2356E69C00D16992 /* Products */;
			projectDirPath = "";
			projectRoot = "";
			targets = (
				3FBDA2C82356E69C00D16992 /* watch-my-level */,
			);
		};
/* End PBXProject section */

/* Begin PBXResourcesBuildPhase section */
		3FBDA2C72356E69C00D16992 /* Resources */ = {
			isa = PBXResourcesBuildPhase;
			buildActionMask = 2147483647;
			files = (
				8FE50E4D23575FBC00E8A049 /* GameLevel.xib in Resources */,
				3FBDA2D72356E69D00D16992 /* LaunchScreen.storyboard in Resources */,
				8FE50E4923575FA300E8A049 /* GameInfo.xib in Resources */,
				8F850808235756EB005D074F /* SignUp.xib in Resources */,
				3FB5FAAE2357017500D6FE7D /* Home.xib in Resources */,
				3FB5FAB2235707C600D6FE7D /* Menu.xib in Resources */,
				3FB5FAB82357400E00D6FE7D /* Events.xib in Resources */,
				3FBDA2D42356E69D00D16992 /* Assets.xcassets in Resources */,
				3FBE0D5D235786EE00F4EA82 /* Loading.xib in Resources */,
				8F85080423572478005D074F /* Login.xib in Resources */,
			);
			runOnlyForDeploymentPostprocessing = 0;
		};
/* End PBXResourcesBuildPhase section */

/* Begin PBXShellScriptBuildPhase section */
		3C9BBB77A1F835AE103C2DD5 /* [CP] Check Pods Manifest.lock */ = {
			isa = PBXShellScriptBuildPhase;
			buildActionMask = 2147483647;
			files = (
			);
			inputFileListPaths = (
			);
			inputPaths = (
				"${PODS_PODFILE_DIR_PATH}/Podfile.lock",
				"${PODS_ROOT}/Manifest.lock",
			);
			name = "[CP] Check Pods Manifest.lock";
			outputFileListPaths = (
			);
			outputPaths = (
				"$(DERIVED_FILE_DIR)/Pods-watch-my-level-checkManifestLockResult.txt",
			);
			runOnlyForDeploymentPostprocessing = 0;
			shellPath = /bin/sh;
			shellScript = "diff \"${PODS_PODFILE_DIR_PATH}/Podfile.lock\" \"${PODS_ROOT}/Manifest.lock\" > /dev/null\nif [ $? != 0 ] ; then\n    # print error to STDERR\n    echo \"error: The sandbox is not in sync with the Podfile.lock. Run 'pod install' or update your CocoaPods installation.\" >&2\n    exit 1\nfi\n# This output is used by Xcode 'outputs' to avoid re-running this script phase.\necho \"SUCCESS\" > \"${SCRIPT_OUTPUT_FILE_0}\"\n";
			showEnvVarsInLog = 0;
		};
		E3E25473E64131D99D2A34AB /* [CP] Embed Pods Frameworks */ = {
			isa = PBXShellScriptBuildPhase;
			buildActionMask = 2147483647;
			files = (
			);
			inputFileListPaths = (
				"${PODS_ROOT}/Target Support Files/Pods-watch-my-level/Pods-watch-my-level-frameworks-${CONFIGURATION}-input-files.xcfilelist",
			);
			name = "[CP] Embed Pods Frameworks";
			outputFileListPaths = (
				"${PODS_ROOT}/Target Support Files/Pods-watch-my-level/Pods-watch-my-level-frameworks-${CONFIGURATION}-output-files.xcfilelist",
			);
			runOnlyForDeploymentPostprocessing = 0;
			shellPath = /bin/sh;
			shellScript = "\"${PODS_ROOT}/Target Support Files/Pods-watch-my-level/Pods-watch-my-level-frameworks.sh\"\n";
			showEnvVarsInLog = 0;
		};
/* End PBXShellScriptBuildPhase section */

/* Begin PBXSourcesBuildPhase section */
		3FBDA2C52356E69C00D16992 /* Sources */ = {
			isa = PBXSourcesBuildPhase;
			buildActionMask = 2147483647;
			files = (
				3FB5FAB72357400E00D6FE7D /* Events.swift in Sources */,
				3FB5FAB423572E0100D6FE7D /* MenuManager.swift in Sources */,
				8FE50E4823575FA300E8A049 /* GameInfo.swift in Sources */,
				3FBDA2CF2356E69C00D16992 /* ViewController.swift in Sources */,
				8F850807235756EB005D074F /* SignUp.swift in Sources */,
				8F85080323572478005D074F /* Login.swift in Sources */,
				3FBE0D592357787900F4EA82 /* EventService.swift in Sources */,
				3F281D0023585AC900D365E8 /* ActiveManager.swift in Sources */,
				3FBE0D5C235786EE00F4EA82 /* Loading.swift in Sources */,
				3F281CFE23584B5100D365E8 /* UserModel.swift in Sources */,
				8FE50E4C23575FBC00E8A049 /* GameLevel.swift in Sources */,
				3FB5FAAD2357017500D6FE7D /* Home.swift in Sources */,
				3FB5FABA23574E5900D6FE7D /* EventModel.swift in Sources */,
				3FB5FAB1235707C600D6FE7D /* Menu.swift in Sources */,
				3F281CFC23584B3C00D365E8 /* UserService.swift in Sources */,
				3FBE0D552357783200F4EA82 /* RequestService.swift in Sources */,
				3FBDA2CD2356E69C00D16992 /* AppDelegate.swift in Sources */,
				3FB5FABE2357520A00D6FE7D /* ColorManager.swift in Sources */,
			);
			runOnlyForDeploymentPostprocessing = 0;
		};
/* End PBXSourcesBuildPhase section */

/* Begin PBXVariantGroup section */
		3FBDA2D52356E69D00D16992 /* LaunchScreen.storyboard */ = {
			isa = PBXVariantGroup;
			children = (
				3FBDA2D62356E69D00D16992 /* Base */,
			);
			name = LaunchScreen.storyboard;
			sourceTree = "<group>";
		};
/* End PBXVariantGroup section */

/* Begin XCBuildConfiguration section */
		3FBDA2D92356E69D00D16992 /* Debug */ = {
			isa = XCBuildConfiguration;
			buildSettings = {
				ALWAYS_SEARCH_USER_PATHS = NO;
				CLANG_ANALYZER_NONNULL = YES;
				CLANG_ANALYZER_NUMBER_OBJECT_CONVERSION = YES_AGGRESSIVE;
				CLANG_CXX_LANGUAGE_STANDARD = "gnu++14";
				CLANG_CXX_LIBRARY = "libc++";
				CLANG_ENABLE_MODULES = YES;
				CLANG_ENABLE_OBJC_ARC = YES;
				CLANG_ENABLE_OBJC_WEAK = YES;
				CLANG_WARN_BLOCK_CAPTURE_AUTORELEASING = YES;
				CLANG_WARN_BOOL_CONVERSION = YES;
				CLANG_WARN_COMMA = YES;
				CLANG_WARN_CONSTANT_CONVERSION = YES;
				CLANG_WARN_DEPRECATED_OBJC_IMPLEMENTATIONS = YES;
				CLANG_WARN_DIRECT_OBJC_ISA_USAGE = YES_ERROR;
				CLANG_WARN_DOCUMENTATION_COMMENTS = YES;
				CLANG_WARN_EMPTY_BODY = YES;
				CLANG_WARN_ENUM_CONVERSION = YES;
				CLANG_WARN_INFINITE_RECURSION = YES;
				CLANG_WARN_INT_CONVERSION = YES;
				CLANG_WARN_NON_LITERAL_NULL_CONVERSION = YES;
				CLANG_WARN_OBJC_IMPLICIT_RETAIN_SELF = YES;
				CLANG_WARN_OBJC_LITERAL_CONVERSION = YES;
				CLANG_WARN_OBJC_ROOT_CLASS = YES_ERROR;
				CLANG_WARN_RANGE_LOOP_ANALYSIS = YES;
				CLANG_WARN_STRICT_PROTOTYPES = YES;
				CLANG_WARN_SUSPICIOUS_MOVE = YES;
				CLANG_WARN_UNGUARDED_AVAILABILITY = YES_AGGRESSIVE;
				CLANG_WARN_UNREACHABLE_CODE = YES;
				CLANG_WARN__DUPLICATE_METHOD_MATCH = YES;
				CODE_SIGN_IDENTITY = "iPhone Developer";
				COPY_PHASE_STRIP = NO;
				DEBUG_INFORMATION_FORMAT = dwarf;
				ENABLE_STRICT_OBJC_MSGSEND = YES;
				ENABLE_TESTABILITY = YES;
				GCC_C_LANGUAGE_STANDARD = gnu11;
				GCC_DYNAMIC_NO_PIC = NO;
				GCC_NO_COMMON_BLOCKS = YES;
				GCC_OPTIMIZATION_LEVEL = 0;
				GCC_PREPROCESSOR_DEFINITIONS = (
					"DEBUG=1",
					"$(inherited)",
				);
				GCC_WARN_64_TO_32_BIT_CONVERSION = YES;
				GCC_WARN_ABOUT_RETURN_TYPE = YES_ERROR;
				GCC_WARN_UNDECLARED_SELECTOR = YES;
				GCC_WARN_UNINITIALIZED_AUTOS = YES_AGGRESSIVE;
				GCC_WARN_UNUSED_FUNCTION = YES;
				GCC_WARN_UNUSED_VARIABLE = YES;
				IPHONEOS_DEPLOYMENT_TARGET = 12.2;
				MTL_ENABLE_DEBUG_INFO = INCLUDE_SOURCE;
				MTL_FAST_MATH = YES;
				ONLY_ACTIVE_ARCH = YES;
				SDKROOT = iphoneos;
				SWIFT_ACTIVE_COMPILATION_CONDITIONS = DEBUG;
				SWIFT_OPTIMIZATION_LEVEL = "-Onone";
			};
			name = Debug;
		};
		3FBDA2DA2356E69D00D16992 /* Release */ = {
			isa = XCBuildConfiguration;
			buildSettings = {
				ALWAYS_SEARCH_USER_PATHS = NO;
				CLANG_ANALYZER_NONNULL = YES;
				CLANG_ANALYZER_NUMBER_OBJECT_CONVERSION = YES_AGGRESSIVE;
				CLANG_CXX_LANGUAGE_STANDARD = "gnu++14";
				CLANG_CXX_LIBRARY = "libc++";
				CLANG_ENABLE_MODULES = YES;
				CLANG_ENABLE_OBJC_ARC = YES;
				CLANG_ENABLE_OBJC_WEAK = YES;
				CLANG_WARN_BLOCK_CAPTURE_AUTORELEASING = YES;
				CLANG_WARN_BOOL_CONVERSION = YES;
				CLANG_WARN_COMMA = YES;
				CLANG_WARN_CONSTANT_CONVERSION = YES;
				CLANG_WARN_DEPRECATED_OBJC_IMPLEMENTATIONS = YES;
				CLANG_WARN_DIRECT_OBJC_ISA_USAGE = YES_ERROR;
				CLANG_WARN_DOCUMENTATION_COMMENTS = YES;
				CLANG_WARN_EMPTY_BODY = YES;
				CLANG_WARN_ENUM_CONVERSION = YES;
				CLANG_WARN_INFINITE_RECURSION = YES;
				CLANG_WARN_INT_CONVERSION = YES;
				CLANG_WARN_NON_LITERAL_NULL_CONVERSION = YES;
				CLANG_WARN_OBJC_IMPLICIT_RETAIN_SELF = YES;
				CLANG_WARN_OBJC_LITERAL_CONVERSION = YES;
				CLANG_WARN_OBJC_ROOT_CLASS = YES_ERROR;
				CLANG_WARN_RANGE_LOOP_ANALYSIS = YES;
				CLANG_WARN_STRICT_PROTOTYPES = YES;
				CLANG_WARN_SUSPICIOUS_MOVE = YES;
				CLANG_WARN_UNGUARDED_AVAILABILITY = YES_AGGRESSIVE;
				CLANG_WARN_UNREACHABLE_CODE = YES;
				CLANG_WARN__DUPLICATE_METHOD_MATCH = YES;
				CODE_SIGN_IDENTITY = "iPhone Developer";
				COPY_PHASE_STRIP = NO;
				DEBUG_INFORMATION_FORMAT = "dwarf-with-dsym";
				ENABLE_NS_ASSERTIONS = NO;
				ENABLE_STRICT_OBJC_MSGSEND = YES;
				GCC_C_LANGUAGE_STANDARD = gnu11;
				GCC_NO_COMMON_BLOCKS = YES;
				GCC_WARN_64_TO_32_BIT_CONVERSION = YES;
				GCC_WARN_ABOUT_RETURN_TYPE = YES_ERROR;
				GCC_WARN_UNDECLARED_SELECTOR = YES;
				GCC_WARN_UNINITIALIZED_AUTOS = YES_AGGRESSIVE;
				GCC_WARN_UNUSED_FUNCTION = YES;
				GCC_WARN_UNUSED_VARIABLE = YES;
				IPHONEOS_DEPLOYMENT_TARGET = 12.2;
				MTL_ENABLE_DEBUG_INFO = NO;
				MTL_FAST_MATH = YES;
				SDKROOT = iphoneos;
				SWIFT_COMPILATION_MODE = wholemodule;
				SWIFT_OPTIMIZATION_LEVEL = "-O";
				VALIDATE_PRODUCT = YES;
			};
			name = Release;
		};
		3FBDA2DC2356E69D00D16992 /* Debug */ = {
			isa = XCBuildConfiguration;
			baseConfigurationReference = BDCB36DB418D37254296ED49 /* Pods-watch-my-level.debug.xcconfig */;
			buildSettings = {
				ASSETCATALOG_COMPILER_APPICON_NAME = AppIcon;
				CODE_SIGN_STYLE = Automatic;
				INFOPLIST_FILE = "watch-my-level/Info.plist";
				LD_RUNPATH_SEARCH_PATHS = (
					"$(inherited)",
					"@executable_path/Frameworks",
				);
				PRODUCT_BUNDLE_IDENTIFIER = "wml.watch-my-level";
				PRODUCT_NAME = "$(TARGET_NAME)";
				SWIFT_VERSION = 5.0;
				TARGETED_DEVICE_FAMILY = "1,2";
			};
			name = Debug;
		};
		3FBDA2DD2356E69D00D16992 /* Release */ = {
			isa = XCBuildConfiguration;
			baseConfigurationReference = 1886DBC233256F6FC4B67F7C /* Pods-watch-my-level.release.xcconfig */;
			buildSettings = {
				ASSETCATALOG_COMPILER_APPICON_NAME = AppIcon;
				CODE_SIGN_STYLE = Automatic;
				INFOPLIST_FILE = "watch-my-level/Info.plist";
				LD_RUNPATH_SEARCH_PATHS = (
					"$(inherited)",
					"@executable_path/Frameworks",
				);
				PRODUCT_BUNDLE_IDENTIFIER = "wml.watch-my-level";
				PRODUCT_NAME = "$(TARGET_NAME)";
				SWIFT_VERSION = 5.0;
				TARGETED_DEVICE_FAMILY = "1,2";
			};
			name = Release;
		};
/* End XCBuildConfiguration section */

/* Begin XCConfigurationList section */
		3FBDA2C42356E69C00D16992 /* Build configuration list for PBXProject "watch-my-level" */ = {
			isa = XCConfigurationList;
			buildConfigurations = (
				3FBDA2D92356E69D00D16992 /* Debug */,
				3FBDA2DA2356E69D00D16992 /* Release */,
			);
			defaultConfigurationIsVisible = 0;
			defaultConfigurationName = Release;
		};
		3FBDA2DB2356E69D00D16992 /* Build configuration list for PBXNativeTarget "watch-my-level" */ = {
			isa = XCConfigurationList;
			buildConfigurations = (
				3FBDA2DC2356E69D00D16992 /* Debug */,
				3FBDA2DD2356E69D00D16992 /* Release */,
			);
			defaultConfigurationIsVisible = 0;
			defaultConfigurationName = Release;
		};
/* End XCConfigurationList section */
	};
	rootObject = 3FBDA2C12356E69C00D16992 /* Project object */;
}
